// !$*UTF8*$!
{
	archiveVersion = 1;
	classes = {
	};
	objectVersion = 50;
	objects = {

/* Begin PBXBuildFile section */
		FC90E7F12077031200EFEC7F /* AppDelegate.swift in Sources */ = {isa = PBXBuildFile; fileRef = FC90E7F02077031200EFEC7F /* AppDelegate.swift */; };
		FC90E7F32077031200EFEC7F /* ViewController.swift in Sources */ = {isa = PBXBuildFile; fileRef = FC90E7F22077031200EFEC7F /* ViewController.swift */; };
		FC90E7F62077031200EFEC7F /* Main.storyboard in Resources */ = {isa = PBXBuildFile; fileRef = FC90E7F42077031200EFEC7F /* Main.storyboard */; };
		FC90E7F82077031300EFEC7F /* Assets.xcassets in Resources */ = {isa = PBXBuildFile; fileRef = FC90E7F72077031300EFEC7F /* Assets.xcassets */; };
		FC90E7FB2077031300EFEC7F /* LaunchScreen.storyboard in Resources */ = {isa = PBXBuildFile; fileRef = FC90E7F92077031300EFEC7F /* LaunchScreen.storyboard */; };
		FC90E8062077031300EFEC7F /* Color_Maker_SliderTests.swift in Sources */ = {isa = PBXBuildFile; fileRef = FC90E8052077031300EFEC7F /* Color_Maker_SliderTests.swift */; };
		FC90E8112077031300EFEC7F /* Color_Maker_SliderUITests.swift in Sources */ = {isa = PBXBuildFile; fileRef = FC90E8102077031300EFEC7F /* Color_Maker_SliderUITests.swift */; };
/* End PBXBuildFile section */

/* Begin PBXContainerItemProxy section */
		FC90E8022077031300EFEC7F /* PBXContainerItemProxy */ = {
			isa = PBXContainerItemProxy;
			containerPortal = FC90E7E52077031200EFEC7F /* Project object */;
			proxyType = 1;
			remoteGlobalIDString = FC90E7EC2077031200EFEC7F;
			remoteInfo = "Color Maker Slider";
		};
		FC90E80D2077031300EFEC7F /* PBXContainerItemProxy */ = {
			isa = PBXContainerItemProxy;
			containerPortal = FC90E7E52077031200EFEC7F /* Project object */;
			proxyType = 1;
			remoteGlobalIDString = FC90E7EC2077031200EFEC7F;
			remoteInfo = "Color Maker Slider";
		};
/* End PBXContainerItemProxy section */

/* Begin PBXFileReference section */
		FC90E7ED2077031200EFEC7F /* Color Maker Slider.app */ = {isa = PBXFileReference; explicitFileType = wrapper.application; includeInIndex = 0; path = "Color Maker Slider.app"; sourceTree = BUILT_PRODUCTS_DIR; };
		FC90E7F02077031200EFEC7F /* AppDelegate.swift */ = {isa = PBXFileReference; lastKnownFileType = sourcecode.swift; path = AppDelegate.swift; sourceTree = "<group>"; };
		FC90E7F22077031200EFEC7F /* ViewController.swift */ = {isa = PBXFileReference; lastKnownFileType = sourcecode.swift; path = ViewController.swift; sourceTree = "<group>"; };
		FC90E7F52077031200EFEC7F /* Base */ = {isa = PBXFileReference; lastKnownFileType = file.storyboard; name = Base; path = Base.lproj/Main.storyboard; sourceTree = "<group>"; };
		FC90E7F72077031300EFEC7F /* Assets.xcassets */ = {isa = PBXFileReference; lastKnownFileType = folder.assetcatalog; path = Assets.xcassets; sourceTree = "<group>"; };
		FC90E7FA2077031300EFEC7F /* Base */ = {isa = PBXFileReference; lastKnownFileType = file.storyboard; name = Base; path = Base.lproj/LaunchScreen.storyboard; sourceTree = "<group>"; };
		FC90E7FC2077031300EFEC7F /* Info.plist */ = {isa = PBXFileReference; lastKnownFileType = text.plist.xml; path = Info.plist; sourceTree = "<group>"; };
		FC90E8012077031300EFEC7F /* Color Maker SliderTests.xctest */ = {isa = PBXFileReference; explicitFileType = wrapper.cfbundle; includeInIndex = 0; path = "Color Maker SliderTests.xctest"; sourceTree = BUILT_PRODUCTS_DIR; };
		FC90E8052077031300EFEC7F /* Color_Maker_SliderTests.swift */ = {isa = PBXFileReference; lastKnownFileType = sourcecode.swift; path = Color_Maker_SliderTests.swift; sourceTree = "<group>"; };
		FC90E8072077031300EFEC7F /* Info.plist */ = {isa = PBXFileReference; lastKnownFileType = text.plist.xml; path = Info.plist; sourceTree = "<group>"; };
		FC90E80C2077031300EFEC7F /* Color Maker SliderUITests.xctest */ = {isa = PBXFileReference; explicitFileType = wrapper.cfbundle; includeInIndex = 0; path = "Color Maker SliderUITests.xctest"; sourceTree = BUILT_PRODUCTS_DIR; };
		FC90E8102077031300EFEC7F /* Color_Maker_SliderUITests.swift */ = {isa = PBXFileReference; lastKnownFileType = sourcecode.swift; path = Color_Maker_SliderUITests.swift; sourceTree = "<group>"; };
		FC90E8122077031300EFEC7F /* Info.plist */ = {isa = PBXFileReference; lastKnownFileType = text.plist.xml; path = Info.plist; sourceTree = "<group>"; };
/* End PBXFileReference section */

/* Begin PBXFrameworksBuildPhase section */
		FC90E7EA2077031200EFEC7F /* Frameworks */ = {
			isa = PBXFrameworksBuildPhase;
			buildActionMask = 2147483647;
			files = (
			);
			runOnlyForDeploymentPostprocessing = 0;
		};
		FC90E7FE2077031300EFEC7F /* Frameworks */ = {
			isa = PBXFrameworksBuildPhase;
			buildActionMask = 2147483647;
			files = (
			);
			runOnlyForDeploymentPostprocessing = 0;
		};
		FC90E8092077031300EFEC7F /* Frameworks */ = {
			isa = PBXFrameworksBuildPhase;
			buildActionMask = 2147483647;
			files = (
			);
			runOnlyForDeploymentPostprocessing = 0;
		};
/* End PBXFrameworksBuildPhase section */

/* Begin PBXGroup section */
		FC90E7E42077031200EFEC7F = {
			isa = PBXGroup;
			children = (
				FC90E7EF2077031200EFEC7F /* Color Maker Slider */,
				FC90E8042077031300EFEC7F /* Color Maker SliderTests */,
				FC90E80F2077031300EFEC7F /* Color Maker SliderUITests */,
				FC90E7EE2077031200EFEC7F /* Products */,
			);
			sourceTree = "<group>";
		};
		FC90E7EE2077031200EFEC7F /* Products */ = {
			isa = PBXGroup;
			children = (
				FC90E7ED2077031200EFEC7F /* Color Maker Slider.app */,
				FC90E8012077031300EFEC7F /* Color Maker SliderTests.xctest */,
				FC90E80C2077031300EFEC7F /* Color Maker SliderUITests.xctest */,
			);
			name = Products;
			sourceTree = "<group>";
		};
		FC90E7EF2077031200EFEC7F /* Color Maker Slider */ = {
			isa = PBXGroup;
			children = (
				FC90E7F02077031200EFEC7F /* AppDelegate.swift */,
				FC90E7F22077031200EFEC7F /* ViewController.swift */,
				FC90E7F42077031200EFEC7F /* Main.storyboard */,
				FC90E7F72077031300EFEC7F /* Assets.xcassets */,
				FC90E7F92077031300EFEC7F /* LaunchScreen.storyboard */,
				FC90E7FC2077031300EFEC7F /* Info.plist */,
			);
			path = "Color Maker Slider";
			sourceTree = "<group>";
		};
		FC90E8042077031300EFEC7F /* Color Maker SliderTests */ = {
			isa = PBXGroup;
			children = (
				FC90E8052077031300EFEC7F /* Color_Maker_SliderTests.swift */,
				FC90E8072077031300EFEC7F /* Info.plist */,
			);
			path = "Color Maker SliderTests";
			sourceTree = "<group>";
		};
		FC90E80F2077031300EFEC7F /* Color Maker SliderUITests */ = {
			isa = PBXGroup;
			children = (
				FC90E8102077031300EFEC7F /* Color_Maker_SliderUITests.swift */,
				FC90E8122077031300EFEC7F /* Info.plist */,
			);
			path = "Color Maker SliderUITests";
			sourceTree = "<group>";
		};
/* End PBXGroup section */

/* Begin PBXNativeTarget section */
		FC90E7EC2077031200EFEC7F /* Color Maker Slider */ = {
			isa = PBXNativeTarget;
			buildConfigurationList = FC90E8152077031300EFEC7F /* Build configuration list for PBXNativeTarget "Color Maker Slider" */;
			buildPhases = (
				FC90E7E92077031200EFEC7F /* Sources */,
				FC90E7EA2077031200EFEC7F /* Frameworks */,
				FC90E7EB2077031200EFEC7F /* Resources */,
			);
			buildRules = (
			);
			dependencies = (
			);
			name = "Color Maker Slider";
			productName = "Color Maker Slider";
			productReference = FC90E7ED2077031200EFEC7F /* Color Maker Slider.app */;
			productType = "com.apple.product-type.application";
		};
		FC90E8002077031300EFEC7F /* Color Maker SliderTests */ = {
			isa = PBXNativeTarget;
			buildConfigurationList = FC90E8182077031300EFEC7F /* Build configuration list for PBXNativeTarget "Color Maker SliderTests" */;
			buildPhases = (
				FC90E7FD2077031300EFEC7F /* Sources */,
				FC90E7FE2077031300EFEC7F /* Frameworks */,
				FC90E7FF2077031300EFEC7F /* Resources */,
			);
			buildRules = (
			);
			dependencies = (
				FC90E8032077031300EFEC7F /* PBXTargetDependency */,
			);
			name = "Color Maker SliderTests";
			productName = "Color Maker SliderTests";
			productReference = FC90E8012077031300EFEC7F /* Color Maker SliderTests.xctest */;
			productType = "com.apple.product-type.bundle.unit-test";
		};
		FC90E80B2077031300EFEC7F /* Color Maker SliderUITests */ = {
			isa = PBXNativeTarget;
			buildConfigurationList = FC90E81B2077031300EFEC7F /* Build configuration list for PBXNativeTarget "Color Maker SliderUITests" */;
			buildPhases = (
				FC90E8082077031300EFEC7F /* Sources */,
				FC90E8092077031300EFEC7F /* Frameworks */,
				FC90E80A2077031300EFEC7F /* Resources */,
			);
			buildRules = (
			);
			dependencies = (
				FC90E80E2077031300EFEC7F /* PBXTargetDependency */,
			);
			name = "Color Maker SliderUITests";
			productName = "Color Maker SliderUITests";
			productReference = FC90E80C2077031300EFEC7F /* Color Maker SliderUITests.xctest */;
			productType = "com.apple.product-type.bundle.ui-testing";
		};
/* End PBXNativeTarget section */

/* Begin PBXProject section */
		FC90E7E52077031200EFEC7F /* Project object */ = {
			isa = PBXProject;
			attributes = {
				LastSwiftUpdateCheck = 0930;
				LastUpgradeCheck = 0930;
				ORGANIZATIONNAME = omrobbie;
				TargetAttributes = {
					FC90E7EC2077031200EFEC7F = {
						CreatedOnToolsVersion = 9.3;
					};
					FC90E8002077031300EFEC7F = {
						CreatedOnToolsVersion = 9.3;
						TestTargetID = FC90E7EC2077031200EFEC7F;
					};
					FC90E80B2077031300EFEC7F = {
						CreatedOnToolsVersion = 9.3;
						TestTargetID = FC90E7EC2077031200EFEC7F;
					};
				};
			};
			buildConfigurationList = FC90E7E82077031200EFEC7F /* Build configuration list for PBXProject "Color Maker Slider" */;
			compatibilityVersion = "Xcode 9.3";
			developmentRegion = en;
			hasScannedForEncodings = 0;
			knownRegions = (
				en,
				Base,
			);
			mainGroup = FC90E7E42077031200EFEC7F;
			productRefGroup = FC90E7EE2077031200EFEC7F /* Products */;
			projectDirPath = "";
			projectRoot = "";
			targets = (
				FC90E7EC2077031200EFEC7F /* Color Maker Slider */,
				FC90E8002077031300EFEC7F /* Color Maker SliderTests */,
				FC90E80B2077031300EFEC7F /* Color Maker SliderUITests */,
			);
		};
/* End PBXProject section */

/* Begin PBXResourcesBuildPhase section */
		FC90E7EB2077031200EFEC7F /* Resources */ = {
			isa = PBXResourcesBuildPhase;
			buildActionMask = 2147483647;
			files = (
				FC90E7FB2077031300EFEC7F /* LaunchScreen.storyboard in Resources */,
				FC90E7F82077031300EFEC7F /* Assets.xcassets in Resources */,
				FC90E7F62077031200EFEC7F /* Main.storyboard in Resources */,
			);
			runOnlyForDeploymentPostprocessing = 0;
		};
		FC90E7FF2077031300EFEC7F /* Resources */ = {
			isa = PBXResourcesBuildPhase;
			buildActionMask = 2147483647;
			files = (
			);
			runOnlyForDeploymentPostprocessing = 0;
		};
		FC90E80A2077031300EFEC7F /* Resources */ = {
			isa = PBXResourcesBuildPhase;
			buildActionMask = 2147483647;
			files = (
			);
			runOnlyForDeploymentPostprocessing = 0;
		};
/* End PBXResourcesBuildPhase section */

/* Begin PBXSourcesBuildPhase section */
		FC90E7E92077031200EFEC7F /* Sources */ = {
			isa = PBXSourcesBuildPhase;
			buildActionMask = 2147483647;
			files = (
				FC90E7F32077031200EFEC7F /* ViewController.swift in Sources */,
				FC90E7F12077031200EFEC7F /* AppDelegate.swift in Sources */,
			);
			runOnlyForDeploymentPostprocessing = 0;
		};
		FC90E7FD2077031300EFEC7F /* Sources */ = {
			isa = PBXSourcesBuildPhase;
			buildActionMask = 2147483647;
			files = (
				FC90E8062077031300EFEC7F /* Color_Maker_SliderTests.swift in Sources */,
			);
			runOnlyForDeploymentPostprocessing = 0;
		};
		FC90E8082077031300EFEC7F /* Sources */ = {
			isa = PBXSourcesBuildPhase;
			buildActionMask = 2147483647;
			files = (
				FC90E8112077031300EFEC7F /* Color_Maker_SliderUITests.swift in Sources */,
			);
			runOnlyForDeploymentPostprocessing = 0;
		};
/* End PBXSourcesBuildPhase section */

/* Begin PBXTargetDependency section */
		FC90E8032077031300EFEC7F /* PBXTargetDependency */ = {
			isa = PBXTargetDependency;
			target = FC90E7EC2077031200EFEC7F /* Color Maker Slider */;
			targetProxy = FC90E8022077031300EFEC7F /* PBXContainerItemProxy */;
		};
		FC90E80E2077031300EFEC7F /* PBXTargetDependency */ = {
			isa = PBXTargetDependency;
			target = FC90E7EC2077031200EFEC7F /* Color Maker Slider */;
			targetProxy = FC90E80D2077031300EFEC7F /* PBXContainerItemProxy */;
		};
/* End PBXTargetDependency section */

/* Begin PBXVariantGroup section */
		FC90E7F42077031200EFEC7F /* Main.storyboard */ = {
			isa = PBXVariantGroup;
			children = (
				FC90E7F52077031200EFEC7F /* Base */,
			);
			name = Main.storyboard;
			sourceTree = "<group>";
		};
		FC90E7F92077031300EFEC7F /* LaunchScreen.storyboard */ = {
			isa = PBXVariantGroup;
			children = (
				FC90E7FA2077031300EFEC7F /* Base */,
			);
			name = LaunchScreen.storyboard;
			sourceTree = "<group>";
		};
/* End PBXVariantGroup section */

/* Begin XCBuildConfiguration section */
		FC90E8132077031300EFEC7F /* Debug */ = {
			isa = XCBuildConfiguration;
			buildSettings = {
				ALWAYS_SEARCH_USER_PATHS = NO;
				CLANG_ANALYZER_NONNULL = YES;
				CLANG_ANALYZER_NUMBER_OBJECT_CONVERSION = YES_AGGRESSIVE;
				CLANG_CXX_LANGUAGE_STANDARD = "gnu++14";
				CLANG_CXX_LIBRARY = "libc++";
				CLANG_ENABLE_MODULES = YES;
				CLANG_ENABLE_OBJC_ARC = YES;
				CLANG_ENABLE_OBJC_WEAK = YES;
				CLANG_WARN_BLOCK_CAPTURE_AUTORELEASING = YES;
				CLANG_WARN_BOOL_CONVERSION = YES;
				CLANG_WARN_COMMA = YES;
				CLANG_WARN_CONSTANT_CONVERSION = YES;
				CLANG_WARN_DEPRECATED_OBJC_IMPLEMENTATIONS = YES;
				CLANG_WARN_DIRECT_OBJC_ISA_USAGE = YES_ERROR;
				CLANG_WARN_DOCUMENTATION_COMMENTS = YES;
				CLANG_WARN_EMPTY_BODY = YES;
				CLANG_WARN_ENUM_CONVERSION = YES;
				CLANG_WARN_INFINITE_RECURSION = YES;
				CLANG_WARN_INT_CONVERSION = YES;
				CLANG_WARN_NON_LITERAL_NULL_CONVERSION = YES;
				CLANG_WARN_OBJC_IMPLICIT_RETAIN_SELF = YES;
				CLANG_WARN_OBJC_LITERAL_CONVERSION = YES;
				CLANG_WARN_OBJC_ROOT_CLASS = YES_ERROR;
				CLANG_WARN_RANGE_LOOP_ANALYSIS = YES;
				CLANG_WARN_STRICT_PROTOTYPES = YES;
				CLANG_WARN_SUSPICIOUS_MOVE = YES;
				CLANG_WARN_UNGUARDED_AVAILABILITY = YES_AGGRESSIVE;
				CLANG_WARN_UNREACHABLE_CODE = YES;
				CLANG_WARN__DUPLICATE_METHOD_MATCH = YES;
				CODE_SIGN_IDENTITY = "iPhone Developer";
				COPY_PHASE_STRIP = NO;
				DEBUG_INFORMATION_FORMAT = dwarf;
				ENABLE_STRICT_OBJC_MSGSEND = YES;
				ENABLE_TESTABILITY = YES;
				GCC_C_LANGUAGE_STANDARD = gnu11;
				GCC_DYNAMIC_NO_PIC = NO;
				GCC_NO_COMMON_BLOCKS = YES;
				GCC_OPTIMIZATION_LEVEL = 0;
				GCC_PREPROCESSOR_DEFINITIONS = (
					"DEBUG=1",
					"$(inherited)",
				);
				GCC_WARN_64_TO_32_BIT_CONVERSION = YES;
				GCC_WARN_ABOUT_RETURN_TYPE = YES_ERROR;
				GCC_WARN_UNDECLARED_SELECTOR = YES;
				GCC_WARN_UNINITIALIZED_AUTOS = YES_AGGRESSIVE;
				GCC_WARN_UNUSED_FUNCTION = YES;
				GCC_WARN_UNUSED_VARIABLE = YES;
				IPHONEOS_DEPLOYMENT_TARGET = 11.3;
				MTL_ENABLE_DEBUG_INFO = YES;
				ONLY_ACTIVE_ARCH = YES;
				SDKROOT = iphoneos;
				SWIFT_ACTIVE_COMPILATION_CONDITIONS = DEBUG;
				SWIFT_OPTIMIZATION_LEVEL = "-Onone";
			};
			name = Debug;
		};
		FC90E8142077031300EFEC7F /* Release */ = {
			isa = XCBuildConfiguration;
			buildSettings = {
				ALWAYS_SEARCH_USER_PATHS = NO;
				CLANG_ANALYZER_NONNULL = YES;
				CLANG_ANALYZER_NUMBER_OBJECT_CONVERSION = YES_AGGRESSIVE;
				CLANG_CXX_LANGUAGE_STANDARD = "gnu++14";
				CLANG_CXX_LIBRARY = "libc++";
				CLANG_ENABLE_MODULES = YES;
				CLANG_ENABLE_OBJC_ARC = YES;
				CLANG_ENABLE_OBJC_WEAK = YES;
				CLANG_WARN_BLOCK_CAPTURE_AUTORELEASING = YES;
				CLANG_WARN_BOOL_CONVERSION = YES;
				CLANG_WARN_COMMA = YES;
				CLANG_WARN_CONSTANT_CONVERSION = YES;
				CLANG_WARN_DEPRECATED_OBJC_IMPLEMENTATIONS = YES;
				CLANG_WARN_DIRECT_OBJC_ISA_USAGE = YES_ERROR;
				CLANG_WARN_DOCUMENTATION_COMMENTS = YES;
				CLANG_WARN_EMPTY_BODY = YES;
				CLANG_WARN_ENUM_CONVERSION = YES;
				CLANG_WARN_INFINITE_RECURSION = YES;
				CLANG_WARN_INT_CONVERSION = YES;
				CLANG_WARN_NON_LITERAL_NULL_CONVERSION = YES;
				CLANG_WARN_OBJC_IMPLICIT_RETAIN_SELF = YES;
				CLANG_WARN_OBJC_LITERAL_CONVERSION = YES;
				CLANG_WARN_OBJC_ROOT_CLASS = YES_ERROR;
				CLANG_WARN_RANGE_LOOP_ANALYSIS = YES;
				CLANG_WARN_STRICT_PROTOTYPES = YES;
				CLANG_WARN_SUSPICIOUS_MOVE = YES;
				CLANG_WARN_UNGUARDED_AVAILABILITY = YES_AGGRESSIVE;
				CLANG_WARN_UNREACHABLE_CODE = YES;
				CLANG_WARN__DUPLICATE_METHOD_MATCH = YES;
				CODE_SIGN_IDENTITY = "iPhone Developer";
				COPY_PHASE_STRIP = NO;
				DEBUG_INFORMATION_FORMAT = "dwarf-with-dsym";
				ENABLE_NS_ASSERTIONS = NO;
				ENABLE_STRICT_OBJC_MSGSEND = YES;
				GCC_C_LANGUAGE_STANDARD = gnu11;
				GCC_NO_COMMON_BLOCKS = YES;
				GCC_WARN_64_TO_32_BIT_CONVERSION = YES;
				GCC_WARN_ABOUT_RETURN_TYPE = YES_ERROR;
				GCC_WARN_UNDECLARED_SELECTOR = YES;
				GCC_WARN_UNINITIALIZED_AUTOS = YES_AGGRESSIVE;
				GCC_WARN_UNUSED_FUNCTION = YES;
				GCC_WARN_UNUSED_VARIABLE = YES;
				IPHONEOS_DEPLOYMENT_TARGET = 11.3;
				MTL_ENABLE_DEBUG_INFO = NO;
				SDKROOT = iphoneos;
				SWIFT_COMPILATION_MODE = wholemodule;
				SWIFT_OPTIMIZATION_LEVEL = "-O";
				VALIDATE_PRODUCT = YES;
			};
			name = Release;
		};
		FC90E8162077031300EFEC7F /* Debug */ = {
			isa = XCBuildConfiguration;
			buildSettings = {
				ASSETCATALOG_COMPILER_APPICON_NAME = AppIcon;
				CODE_SIGN_STYLE = Automatic;
				DEVELOPMENT_TEAM = 3SMXMP42NY;
				INFOPLIST_FILE = "Color Maker Slider/Info.plist";
				LD_RUNPATH_SEARCH_PATHS = (
					"$(inherited)",
					"@executable_path/Frameworks",
				);
				PRODUCT_BUNDLE_IDENTIFIER = "com.omrobbie.Color-Maker-Slider";
				PRODUCT_NAME = "$(TARGET_NAME)";
				SWIFT_VERSION = 4.0;
				TARGETED_DEVICE_FAMILY = "1,2";
			};
			name = Debug;
		};
		FC90E8172077031300EFEC7F /* Release */ = {
			isa = XCBuildConfiguration;
			buildSettings = {
				ASSETCATALOG_COMPILER_APPICON_NAME = AppIcon;
				CODE_SIGN_STYLE = Automatic;
				DEVELOPMENT_TEAM = 3SMXMP42NY;
				INFOPLIST_FILE = "Color Maker Slider/Info.plist";
				LD_RUNPATH_SEARCH_PATHS = (
					"$(inherited)",
					"@executable_path/Frameworks",
				);
				PRODUCT_BUNDLE_IDENTIFIER = "com.omrobbie.Color-Maker-Slider";
				PRODUCT_NAME = "$(TARGET_NAME)";
				SWIFT_VERSION = 4.0;
				TARGETED_DEVICE_FAMILY = "1,2";
			};
			name = Release;
		};
		FC90E8192077031300EFEC7F /* Debug */ = {
			isa = XCBuildConfiguration;
			buildSettings = {
				ALWAYS_EMBED_SWIFT_STANDARD_LIBRARIES = YES;
				BUNDLE_LOADER = "$(TEST_HOST)";
				CODE_SIGN_STYLE = Automatic;
				DEVELOPMENT_TEAM = 3SMXMP42NY;
				INFOPLIST_FILE = "Color Maker SliderTests/Info.plist";
				LD_RUNPATH_SEARCH_PATHS = (
					"$(inherited)",
					"@executable_path/Frameworks",
					"@loader_path/Frameworks",
				);
				PRODUCT_BUNDLE_IDENTIFIER = "com.omrobbie.Color-Maker-SliderTests";
				PRODUCT_NAME = "$(TARGET_NAME)";
				SWIFT_VERSION = 4.0;
				TARGETED_DEVICE_FAMILY = "1,2";
				TEST_HOST = "$(BUILT_PRODUCTS_DIR)/Color Maker Slider.app/Color Maker Slider";
			};
			name = Debug;
		};
		FC90E81A2077031300EFEC7F /* Release */ = {
			isa = XCBuildConfiguration;
			buildSettings = {
				ALWAYS_EMBED_SWIFT_STANDARD_LIBRARIES = YES;
				BUNDLE_LOADER = "$(TEST_HOST)";
				CODE_SIGN_STYLE = Automatic;
				DEVELOPMENT_TEAM = 3SMXMP42NY;
				INFOPLIST_FILE = "Color Maker SliderTests/Info.plist";
				LD_RUNPATH_SEARCH_PATHS = (
					"$(inherited)",
					"@executable_path/Frameworks",
					"@loader_path/Frameworks",
				);
				PRODUCT_BUNDLE_IDENTIFIER = "com.omrobbie.Color-Maker-SliderTests";
				PRODUCT_NAME = "$(TARGET_NAME)";
				SWIFT_VERSION = 4.0;
				TARGETED_DEVICE_FAMILY = "1,2";
				TEST_HOST = "$(BUILT_PRODUCTS_DIR)/Color Maker Slider.app/Color Maker Slider";
			};
			name = Release;
		};
		FC90E81C2077031300EFEC7F /* Debug */ = {
			isa = XCBuildConfiguration;
			buildSettings = {
				ALWAYS_EMBED_SWIFT_STANDARD_LIBRARIES = YES;
				CODE_SIGN_STYLE = Automatic;
				DEVELOPMENT_TEAM = 3SMXMP42NY;
				INFOPLIST_FILE = "Color Maker SliderUITests/Info.plist";
				LD_RUNPATH_SEARCH_PATHS = (
					"$(inherited)",
					"@executable_path/Frameworks",
					"@loader_path/Frameworks",
				);
				PRODUCT_BUNDLE_IDENTIFIER = "com.omrobbie.Color-Maker-SliderUITests";
				PRODUCT_NAME = "$(TARGET_NAME)";
				SWIFT_VERSION = 4.0;
				TARGETED_DEVICE_FAMILY = "1,2";
				TEST_TARGET_NAME = "Color Maker Slider";
			};
			name = Debug;
		};
		FC90E81D2077031300EFEC7F /* Release */ = {
			isa = XCBuildConfiguration;
			buildSettings = {
				ALWAYS_EMBED_SWIFT_STANDARD_LIBRARIES = YES;
				CODE_SIGN_STYLE = Automatic;
				DEVELOPMENT_TEAM = 3SMXMP42NY;
				INFOPLIST_FILE = "Color Maker SliderUITests/Info.plist";
				LD_RUNPATH_SEARCH_PATHS = (
					"$(inherited)",
					"@executable_path/Frameworks",
					"@loader_path/Frameworks",
				);
				PRODUCT_BUNDLE_IDENTIFIER = "com.omrobbie.Color-Maker-SliderUITests";
				PRODUCT_NAME = "$(TARGET_NAME)";
				SWIFT_VERSION = 4.0;
				TARGETED_DEVICE_FAMILY = "1,2";
				TEST_TARGET_NAME = "Color Maker Slider";
			};
			name = Release;
		};
/* End XCBuildConfiguration section */

/* Begin XCConfigurationList section */
		FC90E7E82077031200EFEC7F /* Build configuration list for PBXProject "Color Maker Slider" */ = {
			isa = XCConfigurationList;
			buildConfigurations = (
				FC90E8132077031300EFEC7F /* Debug */,
				FC90E8142077031300EFEC7F /* Release */,
			);
			defaultConfigurationIsVisible = 0;
			defaultConfigurationName = Release;
		};
		FC90E8152077031300EFEC7F /* Build configuration list for PBXNativeTarget "Color Maker Slider" */ = {
			isa = XCConfigurationList;
			buildConfigurations = (
				FC90E8162077031300EFEC7F /* Debug */,
				FC90E8172077031300EFEC7F /* Release */,
			);
			defaultConfigurationIsVisible = 0;
			defaultConfigurationName = Release;
		};
		FC90E8182077031300EFEC7F /* Build configuration list for PBXNativeTarget "Color Maker SliderTests" */ = {
			isa = XCConfigurationList;
			buildConfigurations = (
				FC90E8192077031300EFEC7F /* Debug */,
				FC90E81A2077031300EFEC7F /* Release */,
			);
			defaultConfigurationIsVisible = 0;
			defaultConfigurationName = Release;
		};
		FC90E81B2077031300EFEC7F /* Build configuration list for PBXNativeTarget "Color Maker SliderUITests" */ = {
			isa = XCConfigurationList;
			buildConfigurations = (
				FC90E81C2077031300EFEC7F /* Debug */,
				FC90E81D2077031300EFEC7F /* Release */,
			);
			defaultConfigurationIsVisible = 0;
			defaultConfigurationName = Release;
		};
/* End XCConfigurationList section */
	};
	rootObject = FC90E7E52077031200EFEC7F /* Project object */;
}
